
Microsoft Visual Studio Solution File, Format Version 12.00
# Visual Studio Version 17
VisualStudioVersion = 17.0.32112.339
MinimumVisualStudioVersion = 10.0.40219.1
Project("{FAE04EC0-301F-11D3-BF4B-00C04F79EFBC}") = "miapr3", "miapr3.csproj", "{406F5938-2538-4326-9BCA-78BAFD99633B}"
EndProject
Global
	GlobalSection(SolutionConfigurationPlatforms) = preSolution
		Debug|Any CPU = Debug|Any CPU
		Release|Any CPU = Release|Any CPU
	EndGlobalSection
	GlobalSection(ProjectConfigurationPlatforms) = postSolution
		{406F5938-2538-4326-9BCA-78BAFD99633B}.Debug|Any CPU.ActiveCfg = Debug|Any CPU
		{406F5938-2538-4326-9BCA-78BAFD99633B}.Debug|Any CPU.Build.0 = Debug|Any CPU
		{406F5938-2538-4326-9BCA-78BAFD99633B}.Release|Any CPU.ActiveCfg = Release|Any CPU
		{406F5938-2538-4326-9BCA-78BAFD99633B}.Release|Any CPU.Build.0 = Release|Any CPU
	EndGlobalSection
	GlobalSection(SolutionProperties) = preSolution
		HideSolutionNode = FALSE
	EndGlobalSection
	GlobalSection(ExtensibilityGlobals) = postSolution
		SolutionGuid = {813E1ECE-F05B-4BCB-9E0C-574F46DD2827}
	EndGlobalSection
EndGlobal
